# This file is automatically @generated by Cargo.
# It is not intended for manual editing.
version = 4

[[package]]
name = "vibrix-boot"
version = "0.0.2"

[[package]]
name = "vibrix-desktop"
version = "0.0.1"
dependencies = [
 "vibrix-shell",
 "vibrix-syscall",
 "vibrix-ui",
]

[[package]]
name = "vibrix-init"
version = "0.0.1"
dependencies = [
 "vibrix-syscall",
]

[[package]]
name = "vibrix-kernel"
version = "0.0.1"
dependencies = [
 "vibrix-vmm",
]

[[package]]
name = "vibrix-package"
version = "0.0.1"

[[package]]
name = "vibrix-shell"
version = "0.0.1"
dependencies = [
 "vibrix-syscall",
]

[[package]]
name = "vibrix-syscall"
version = "0.0.1"

[[package]]
name = "vibrix-vmm"
version = "0.0.1"

[[package]]
name = "vibrix-ui"
version = "0.0.1"
dependencies = [
 "vibrix-syscall",
]
